
Microsoft Visual Studio Solution File, Format Version 12.00
# Visual Studio Version 17
VisualStudioVersion = 17.5.33516.290
MinimumVisualStudioVersion = 10.0.40219.1
Project("{FAE04EC0-301F-11D3-BF4B-00C04F79EFBC}") = "UserAuth", "UserAuth\UserAuth.csproj", "{080E9786-2117-4E6B-B976-89539418375F}"
EndProject
Global
	GlobalSection(SolutionConfigurationPlatforms) = preSolution
		Debug|Any CPU = Debug|Any CPU
		Release|Any CPU = Release|Any CPU
	EndGlobalSection
	GlobalSection(ProjectConfigurationPlatforms) = postSolution
		{080E9786-2117-4E6B-B976-89539418375F}.Debug|Any CPU.ActiveCfg = Debug|Any CPU
		{080E9786-2117-4E6B-B976-89539418375F}.Debug|Any CPU.Build.0 = Debug|Any CPU
		{080E9786-2117-4E6B-B976-89539418375F}.Release|Any CPU.ActiveCfg = Release|Any CPU
		{080E9786-2117-4E6B-B976-89539418375F}.Release|Any CPU.Build.0 = Release|Any CPU
	EndGlobalSection
	GlobalSection(SolutionProperties) = preSolution
		HideSolutionNode = FALSE
	EndGlobalSection
	GlobalSection(ExtensibilityGlobals) = postSolution
		SolutionGuid = {BD527D63-4124-44E5-BB49-0D628C883466}
	EndGlobalSection
EndGlobal
